
Microsoft Visual Studio Solution File, Format Version 12.00
# Visual Studio Version 16
VisualStudioVersion = 16.0.31424.327
MinimumVisualStudioVersion = 10.0.40219.1
Project("{FAE04EC0-301F-11D3-BF4B-00C04F79EFBC}") = "hw3p2_phonebook", "hw3p2_phonebook\hw3p2_phonebook.csproj", "{0E52D228-E48A-4D88-A6C1-13A66C8909C0}"
EndProject
Global
	GlobalSection(SolutionConfigurationPlatforms) = preSolution
		Debug|Any CPU = Debug|Any CPU
		Release|Any CPU = Release|Any CPU
	EndGlobalSection
	GlobalSection(ProjectConfigurationPlatforms) = postSolution
		{0E52D228-E48A-4D88-A6C1-13A66C8909C0}.Debug|Any CPU.ActiveCfg = Debug|Any CPU
		{0E52D228-E48A-4D88-A6C1-13A66C8909C0}.Debug|Any CPU.Build.0 = Debug|Any CPU
		{0E52D228-E48A-4D88-A6C1-13A66C8909C0}.Release|Any CPU.ActiveCfg = Release|Any CPU
		{0E52D228-E48A-4D88-A6C1-13A66C8909C0}.Release|Any CPU.Build.0 = Release|Any CPU
	EndGlobalSection
	GlobalSection(SolutionProperties) = preSolution
		HideSolutionNode = FALSE
	EndGlobalSection
	GlobalSection(ExtensibilityGlobals) = postSolution
		SolutionGuid = {2A429FC5-D7FD-4CEC-9018-A10AC1C878DF}
	EndGlobalSection
EndGlobal
