
Microsoft Visual Studio Solution File, Format Version 12.00
# Visual Studio Version 16
VisualStudioVersion = 16.0.31424.327
MinimumVisualStudioVersion = 10.0.40219.1
Project("{FAE04EC0-301F-11D3-BF4B-00C04F79EFBC}") = "AverageTemp", "AverageTemp\AverageTemp.csproj", "{D51FAED8-E5DC-442F-9699-38E1BB3BA70D}"
EndProject
Global
	GlobalSection(SolutionConfigurationPlatforms) = preSolution
		Debug|Any CPU = Debug|Any CPU
		Release|Any CPU = Release|Any CPU
	EndGlobalSection
	GlobalSection(ProjectConfigurationPlatforms) = postSolution
		{D51FAED8-E5DC-442F-9699-38E1BB3BA70D}.Debug|Any CPU.ActiveCfg = Debug|Any CPU
		{D51FAED8-E5DC-442F-9699-38E1BB3BA70D}.Debug|Any CPU.Build.0 = Debug|Any CPU
		{D51FAED8-E5DC-442F-9699-38E1BB3BA70D}.Release|Any CPU.ActiveCfg = Release|Any CPU
		{D51FAED8-E5DC-442F-9699-38E1BB3BA70D}.Release|Any CPU.Build.0 = Release|Any CPU
	EndGlobalSection
	GlobalSection(SolutionProperties) = preSolution
		HideSolutionNode = FALSE
	EndGlobalSection
	GlobalSection(ExtensibilityGlobals) = postSolution
		SolutionGuid = {6F64953F-EF37-4C03-857F-91F75B212332}
	EndGlobalSection
EndGlobal
