
Microsoft Visual Studio Solution File, Format Version 12.00
# Visual Studio Version 16
VisualStudioVersion = 16.0.31424.327
MinimumVisualStudioVersion = 10.0.40219.1
Project("{FAE04EC0-301F-11D3-BF4B-00C04F79EFBC}") = "hw4p3", "hw4p3\hw4p3.csproj", "{055E7587-BC01-4162-9796-2EDF41F722C0}"
EndProject
Global
	GlobalSection(SolutionConfigurationPlatforms) = preSolution
		Debug|Any CPU = Debug|Any CPU
		Release|Any CPU = Release|Any CPU
	EndGlobalSection
	GlobalSection(ProjectConfigurationPlatforms) = postSolution
		{055E7587-BC01-4162-9796-2EDF41F722C0}.Debug|Any CPU.ActiveCfg = Debug|Any CPU
		{055E7587-BC01-4162-9796-2EDF41F722C0}.Debug|Any CPU.Build.0 = Debug|Any CPU
		{055E7587-BC01-4162-9796-2EDF41F722C0}.Release|Any CPU.ActiveCfg = Release|Any CPU
		{055E7587-BC01-4162-9796-2EDF41F722C0}.Release|Any CPU.Build.0 = Release|Any CPU
	EndGlobalSection
	GlobalSection(SolutionProperties) = preSolution
		HideSolutionNode = FALSE
	EndGlobalSection
	GlobalSection(ExtensibilityGlobals) = postSolution
		SolutionGuid = {27A6415A-9C32-4927-8AAB-4FB54848F66F}
	EndGlobalSection
EndGlobal
