
Microsoft Visual Studio Solution File, Format Version 12.00
# Visual Studio Version 16
VisualStudioVersion = 16.0.31424.327
MinimumVisualStudioVersion = 10.0.40219.1
Project("{FAE04EC0-301F-11D3-BF4B-00C04F79EFBC}") = "FizzBuzz", "FizzBuzz\FizzBuzz.csproj", "{F61C3C93-1FB4-4272-95DC-8A20A24FC0B5}"
EndProject
Global
	GlobalSection(SolutionConfigurationPlatforms) = preSolution
		Debug|Any CPU = Debug|Any CPU
		Release|Any CPU = Release|Any CPU
	EndGlobalSection
	GlobalSection(ProjectConfigurationPlatforms) = postSolution
		{F61C3C93-1FB4-4272-95DC-8A20A24FC0B5}.Debug|Any CPU.ActiveCfg = Debug|Any CPU
		{F61C3C93-1FB4-4272-95DC-8A20A24FC0B5}.Debug|Any CPU.Build.0 = Debug|Any CPU
		{F61C3C93-1FB4-4272-95DC-8A20A24FC0B5}.Release|Any CPU.ActiveCfg = Release|Any CPU
		{F61C3C93-1FB4-4272-95DC-8A20A24FC0B5}.Release|Any CPU.Build.0 = Release|Any CPU
	EndGlobalSection
	GlobalSection(SolutionProperties) = preSolution
		HideSolutionNode = FALSE
	EndGlobalSection
	GlobalSection(ExtensibilityGlobals) = postSolution
		SolutionGuid = {B82DDC88-DB7B-4AC2-B17C-DD7104FE6988}
	EndGlobalSection
EndGlobal
