
Microsoft Visual Studio Solution File, Format Version 12.00
# Visual Studio Version 16
VisualStudioVersion = 16.0.31424.327
MinimumVisualStudioVersion = 10.0.40219.1
Project("{FAE04EC0-301F-11D3-BF4B-00C04F79EFBC}") = "HW3P1", "HW3P1\HW3P1.csproj", "{2A236BF8-67DF-4E3F-91A8-1A0D20355EB4}"
EndProject
Global
	GlobalSection(SolutionConfigurationPlatforms) = preSolution
		Debug|Any CPU = Debug|Any CPU
		Release|Any CPU = Release|Any CPU
	EndGlobalSection
	GlobalSection(ProjectConfigurationPlatforms) = postSolution
		{2A236BF8-67DF-4E3F-91A8-1A0D20355EB4}.Debug|Any CPU.ActiveCfg = Debug|Any CPU
		{2A236BF8-67DF-4E3F-91A8-1A0D20355EB4}.Debug|Any CPU.Build.0 = Debug|Any CPU
		{2A236BF8-67DF-4E3F-91A8-1A0D20355EB4}.Release|Any CPU.ActiveCfg = Release|Any CPU
		{2A236BF8-67DF-4E3F-91A8-1A0D20355EB4}.Release|Any CPU.Build.0 = Release|Any CPU
	EndGlobalSection
	GlobalSection(SolutionProperties) = preSolution
		HideSolutionNode = FALSE
	EndGlobalSection
	GlobalSection(ExtensibilityGlobals) = postSolution
		SolutionGuid = {DB10C477-FADA-499A-8C4E-112E716F0116}
	EndGlobalSection
EndGlobal
