
Microsoft Visual Studio Solution File, Format Version 12.00
# Visual Studio Version 16
VisualStudioVersion = 16.0.31424.327
MinimumVisualStudioVersion = 10.0.40219.1
Project("{FAE04EC0-301F-11D3-BF4B-00C04F79EFBC}") = "hw5p1", "hw5p1\hw5p1.csproj", "{06D0EC91-7C32-430A-AA2F-EF2A29CC5F26}"
EndProject
Global
	GlobalSection(SolutionConfigurationPlatforms) = preSolution
		Debug|Any CPU = Debug|Any CPU
		Release|Any CPU = Release|Any CPU
	EndGlobalSection
	GlobalSection(ProjectConfigurationPlatforms) = postSolution
		{06D0EC91-7C32-430A-AA2F-EF2A29CC5F26}.Debug|Any CPU.ActiveCfg = Debug|Any CPU
		{06D0EC91-7C32-430A-AA2F-EF2A29CC5F26}.Debug|Any CPU.Build.0 = Debug|Any CPU
		{06D0EC91-7C32-430A-AA2F-EF2A29CC5F26}.Release|Any CPU.ActiveCfg = Release|Any CPU
		{06D0EC91-7C32-430A-AA2F-EF2A29CC5F26}.Release|Any CPU.Build.0 = Release|Any CPU
	EndGlobalSection
	GlobalSection(SolutionProperties) = preSolution
		HideSolutionNode = FALSE
	EndGlobalSection
	GlobalSection(ExtensibilityGlobals) = postSolution
		SolutionGuid = {45DA92C5-B588-4648-84A7-8A293A8BD63E}
	EndGlobalSection
EndGlobal
